
Microsoft Visual Studio Solution File, Format Version 12.00
# Visual Studio Version 17
VisualStudioVersion = 17.1.32210.238
MinimumVisualStudioVersion = 10.0.40219.1
Project("{FAE04EC0-301F-11D3-BF4B-00C04F79EFBC}") = "SistemaTiendaG", "SistemaTiendaG\SistemaTiendaG.csproj", "{9CE104A5-27D7-4239-A6CD-008ECDFB656B}"
EndProject
Project("{FAE04EC0-301F-11D3-BF4B-00C04F79EFBC}") = "AccesoDatos.SistemaTiendaG", "AccesoDatos.SistemaTiendaG\AccesoDatos.SistemaTiendaG.csproj", "{65D129A2-DC3D-4329-A4E9-C7E9CE7DF294}"
EndProject
Project("{FAE04EC0-301F-11D3-BF4B-00C04F79EFBC}") = "Entidades.SistemaTiendaG", "Entidades.SistemaTiendaG\Entidades.SistemaTiendaG.csproj", "{7A4B7915-094A-47D6-B5C0-09F0DFBC83FA}"
EndProject
Project("{FAE04EC0-301F-11D3-BF4B-00C04F79EFBC}") = "LogicaNegocio.SistemaTiendaG", "LogicaNegocio.SistemaTiendaG\LogicaNegocio.SistemaTiendaG.csproj", "{C7F5497B-7567-472B-B8B5-509CF46024FF}"
EndProject
Global
	GlobalSection(SolutionConfigurationPlatforms) = preSolution
		Debug|Any CPU = Debug|Any CPU
		Release|Any CPU = Release|Any CPU
	EndGlobalSection
	GlobalSection(ProjectConfigurationPlatforms) = postSolution
		{9CE104A5-27D7-4239-A6CD-008ECDFB656B}.Debug|Any CPU.ActiveCfg = Debug|Any CPU
		{9CE104A5-27D7-4239-A6CD-008ECDFB656B}.Debug|Any CPU.Build.0 = Debug|Any CPU
		{9CE104A5-27D7-4239-A6CD-008ECDFB656B}.Release|Any CPU.ActiveCfg = Release|Any CPU
		{9CE104A5-27D7-4239-A6CD-008ECDFB656B}.Release|Any CPU.Build.0 = Release|Any CPU
		{65D129A2-DC3D-4329-A4E9-C7E9CE7DF294}.Debug|Any CPU.ActiveCfg = Debug|Any CPU
		{65D129A2-DC3D-4329-A4E9-C7E9CE7DF294}.Debug|Any CPU.Build.0 = Debug|Any CPU
		{65D129A2-DC3D-4329-A4E9-C7E9CE7DF294}.Release|Any CPU.ActiveCfg = Release|Any CPU
		{65D129A2-DC3D-4329-A4E9-C7E9CE7DF294}.Release|Any CPU.Build.0 = Release|Any CPU
		{7A4B7915-094A-47D6-B5C0-09F0DFBC83FA}.Debug|Any CPU.ActiveCfg = Debug|Any CPU
		{7A4B7915-094A-47D6-B5C0-09F0DFBC83FA}.Debug|Any CPU.Build.0 = Debug|Any CPU
		{7A4B7915-094A-47D6-B5C0-09F0DFBC83FA}.Release|Any CPU.ActiveCfg = Release|Any CPU
		{7A4B7915-094A-47D6-B5C0-09F0DFBC83FA}.Release|Any CPU.Build.0 = Release|Any CPU
		{C7F5497B-7567-472B-B8B5-509CF46024FF}.Debug|Any CPU.ActiveCfg = Debug|Any CPU
		{C7F5497B-7567-472B-B8B5-509CF46024FF}.Debug|Any CPU.Build.0 = Debug|Any CPU
		{C7F5497B-7567-472B-B8B5-509CF46024FF}.Release|Any CPU.ActiveCfg = Release|Any CPU
		{C7F5497B-7567-472B-B8B5-509CF46024FF}.Release|Any CPU.Build.0 = Release|Any CPU
	EndGlobalSection
	GlobalSection(SolutionProperties) = preSolution
		HideSolutionNode = FALSE
	EndGlobalSection
	GlobalSection(ExtensibilityGlobals) = postSolution
		SolutionGuid = {2A975B00-1C58-40F3-AC1D-1150059363BD}
	EndGlobalSection
EndGlobal
